---
apiVersion: v1
kind: PersistentVolumeClaim
metadata:
  name: csi-rbd-pvc-02     #pvc名称
  namespace: ceph-csi
spec:
  accessModes:
    - ReadWriteOnce     #访问模式
  volumeMode: Block     #数据卷类型 Filesystem Block
  resources:
    requests:
      storage: 200Mi      #存储空间 必须为10Gi以上 否则绑定失败创建PV失败
  storageClassName: csi-rbd-sc   #后端storageclass名称